
Microsoft Visual Studio Solution File, Format Version 12.00
# Visual Studio Version 17
VisualStudioVersion = 17.12.35521.163
MinimumVisualStudioVersion = 10.0.40219.1
Project("{FAE04EC0-301F-11D3-BF4B-00C04F79EFBC}") = "01 Introduction", "01 Introduction\01 Introduction.csproj", "{C756EB68-D65B-498F-924F-CD09B2824CFB}"
EndProject
Project("{FAE04EC0-301F-11D3-BF4B-00C04F79EFBC}") = "02 WinForms Beginning", "02 WinForms Beginning\02 WinForms Beginning.csproj", "{63320C8A-6804-4472-A42F-91B65FA06E9C}"
EndProject
Project("{FAE04EC0-301F-11D3-BF4B-00C04F79EFBC}") = "02.5 WinForms Beggining2", "02.5 WinForms Beggining2\02.5 WinForms Beggining2.csproj", "{1EB70D9D-73DC-433C-B2D1-1147949F6612}"
EndProject
Project("{FAE04EC0-301F-11D3-BF4B-00C04F79EFBC}") = "03 Save and Load Dialogs", "03 Save and Load Dialogs\03 Save and Load Dialogs.csproj", "{D80FBF0C-9709-4B54-8967-1FA935E9CFF2}"
EndProject
Project("{FAE04EC0-301F-11D3-BF4B-00C04F79EFBC}") = "04 Graphics", "04 Graphics\04 Graphics.csproj", "{EBDCB58B-AA7B-4C91-9493-7C41A092A06B}"
EndProject
Global
	GlobalSection(SolutionConfigurationPlatforms) = preSolution
		Debug|Any CPU = Debug|Any CPU
		Release|Any CPU = Release|Any CPU
	EndGlobalSection
	GlobalSection(ProjectConfigurationPlatforms) = postSolution
		{C756EB68-D65B-498F-924F-CD09B2824CFB}.Debug|Any CPU.ActiveCfg = Debug|Any CPU
		{C756EB68-D65B-498F-924F-CD09B2824CFB}.Debug|Any CPU.Build.0 = Debug|Any CPU
		{C756EB68-D65B-498F-924F-CD09B2824CFB}.Release|Any CPU.ActiveCfg = Release|Any CPU
		{C756EB68-D65B-498F-924F-CD09B2824CFB}.Release|Any CPU.Build.0 = Release|Any CPU
		{63320C8A-6804-4472-A42F-91B65FA06E9C}.Debug|Any CPU.ActiveCfg = Debug|Any CPU
		{63320C8A-6804-4472-A42F-91B65FA06E9C}.Debug|Any CPU.Build.0 = Debug|Any CPU
		{63320C8A-6804-4472-A42F-91B65FA06E9C}.Release|Any CPU.ActiveCfg = Release|Any CPU
		{63320C8A-6804-4472-A42F-91B65FA06E9C}.Release|Any CPU.Build.0 = Release|Any CPU
		{1EB70D9D-73DC-433C-B2D1-1147949F6612}.Debug|Any CPU.ActiveCfg = Debug|Any CPU
		{1EB70D9D-73DC-433C-B2D1-1147949F6612}.Debug|Any CPU.Build.0 = Debug|Any CPU
		{1EB70D9D-73DC-433C-B2D1-1147949F6612}.Release|Any CPU.ActiveCfg = Release|Any CPU
		{1EB70D9D-73DC-433C-B2D1-1147949F6612}.Release|Any CPU.Build.0 = Release|Any CPU
		{D80FBF0C-9709-4B54-8967-1FA935E9CFF2}.Debug|Any CPU.ActiveCfg = Debug|Any CPU
		{D80FBF0C-9709-4B54-8967-1FA935E9CFF2}.Debug|Any CPU.Build.0 = Debug|Any CPU
		{D80FBF0C-9709-4B54-8967-1FA935E9CFF2}.Release|Any CPU.ActiveCfg = Release|Any CPU
		{D80FBF0C-9709-4B54-8967-1FA935E9CFF2}.Release|Any CPU.Build.0 = Release|Any CPU
		{EBDCB58B-AA7B-4C91-9493-7C41A092A06B}.Debug|Any CPU.ActiveCfg = Debug|Any CPU
		{EBDCB58B-AA7B-4C91-9493-7C41A092A06B}.Debug|Any CPU.Build.0 = Debug|Any CPU
		{EBDCB58B-AA7B-4C91-9493-7C41A092A06B}.Release|Any CPU.ActiveCfg = Release|Any CPU
		{EBDCB58B-AA7B-4C91-9493-7C41A092A06B}.Release|Any CPU.Build.0 = Release|Any CPU
	EndGlobalSection
	GlobalSection(SolutionProperties) = preSolution
		HideSolutionNode = FALSE
	EndGlobalSection
EndGlobal
